{
  "name": "clean-node-api",
  "version": "1.0.0",
  "lockfileVersion": 3,
  "requires": true,
  "packages": {
    "": {
      "name": "clean-node-api",
      "version": "1.0.0",
      "license": "ISC",
      "devDependencies": {
        "commit-msg-linter": "^1.0.0",
        "git": "^0.1.5"
      }
    },
    "node_modules/commit-msg-linter": {
      "version": "1.0.0",
      "resolved": "https://registry.npmjs.org/commit-msg-linter/-/commit-msg-linter-1.0.0.tgz",
      "integrity": "sha512-Di9oAjfjIwAcASQ8abW1936twemUdDQq4D1dBL42Y+S6rNXykauIBPztj8Ej4/MjI6zIziLVzfhmdkg0z4I4rg==",
      "dev": true,
      "dependencies": {
        "did-you-mean": "^0.0.1",
        "supports-color": "^8.1.1"
      },
      "engines": {
        "node": ">= 8.0.0"
      }
    },
    "node_modules/did-you-mean": {
      "version": "0.0.1",
      "resolved": "https://registry.npmjs.org/did-you-mean/-/did-you-mean-0.0.1.tgz",
      "integrity": "sha512-rKxPpbrHr4/u8VMPde6Z3DhbGoXw7kepHZIU2FGs+IU+LKnhEIlw1cx80FZ7fLruJXDyu0slKMai2FhPRZjwxQ==",
      "dev": true,
      "dependencies": {
        "levenshtein": "*",
        "underscore": "*"
      }
    },
    "node_modules/git": {
      "version": "0.1.5",
      "resolved": "https://registry.npmjs.org/git/-/git-0.1.5.tgz",
      "integrity": "sha512-N+bfOrXyKMU/fQtCj6D/U9MQOEN0DAA8TLHSLdUQRSWBOkeRvsjJHdrdkvcq05xO7GSDKWc3nDEGoTZ4DfCCSg==",
      "dev": true,
      "dependencies": {
        "mime": "1.2.9"
      },
      "engines": {
        "node": ">=0.4.0"
      }
    },
    "node_modules/has-flag": {
      "version": "4.0.0",
      "resolved": "https://registry.npmjs.org/has-flag/-/has-flag-4.0.0.tgz",
      "integrity": "sha512-EykJT/Q1KjTWctppgIAgfSO0tKVuZUjhgMr17kqTumMl6Afv3EISleU7qZUzoXDFTAHTDC4NOoG/ZxU3EvlMPQ==",
      "dev": true,
      "engines": {
        "node": ">=8"
      }
    },
    "node_modules/levenshtein": {
      "version": "1.0.5",
      "resolved": "https://registry.npmjs.org/levenshtein/-/levenshtein-1.0.5.tgz",
      "integrity": "sha512-UQf1nnmxjl7O0+snDXj2YF2r74Gkya8ZpnegrUBYN9tikh2dtxV/ey8e07BO5wwo0i76yjOvbDhFHdcPEiH9aA==",
      "dev": true,
      "engines": [
        "node >=0.2.0"
      ]
    },
    "node_modules/mime": {
      "version": "1.2.9",
      "resolved": "https://registry.npmjs.org/mime/-/mime-1.2.9.tgz",
      "integrity": "sha512-WiLgbHTIq5AYUvU/Luli4mZ1bUcHpGNHyCsbl+KPMg4zt+XUDpQehWjuBjdLaEvDTinvKj/FgfQt3fPoT7j08g==",
      "dev": true
    },
    "node_modules/supports-color": {
      "version": "8.1.1",
      "resolved": "https://registry.npmjs.org/supports-color/-/supports-color-8.1.1.tgz",
      "integrity": "sha512-MpUEN2OodtUzxvKQl72cUF7RQ5EiHsGvSsVG0ia9c5RbWGL2CI4C7EpPS8UTBIplnlzZiNuV56w+FuNxy3ty2Q==",
      "dev": true,
      "dependencies": {
        "has-flag": "^4.0.0"
      },
      "engines": {
        "node": ">=10"
      },
      "funding": {
        "url": "https://github.com/chalk/supports-color?sponsor=1"
      }
    },
    "node_modules/underscore": {
      "version": "1.13.6",
      "resolved": "https://registry.npmjs.org/underscore/-/underscore-1.13.6.tgz",
      "integrity": "sha512-+A5Sja4HP1M08MaXya7p5LvjuM7K6q/2EaC0+iovj/wOcMsTzMvDFbasi/oSapiwOlt252IqsKqPjCl7huKS0A==",
      "dev": true
    }
  }
}
